
Microsoft Visual Studio Solution File, Format Version 12.00
# Visual Studio Version 17
VisualStudioVersion = 17.13.35806.99 d17.13
MinimumVisualStudioVersion = 10.0.40219.1
Project("{FAE04EC0-301F-11D3-BF4B-00C04F79EFBC}") = "temperature-converter", "temperature-converter\temperature-converter.csproj", "{A7AA6457-903D-4976-BAA7-95CDCDCCEE4F}"
EndProject
Global
	GlobalSection(SolutionConfigurationPlatforms) = preSolution
		Debug|Any CPU = Debug|Any CPU
		Release|Any CPU = Release|Any CPU
	EndGlobalSection
	GlobalSection(ProjectConfigurationPlatforms) = postSolution
		{A7AA6457-903D-4976-BAA7-95CDCDCCEE4F}.Debug|Any CPU.ActiveCfg = Debug|Any CPU
		{A7AA6457-903D-4976-BAA7-95CDCDCCEE4F}.Debug|Any CPU.Build.0 = Debug|Any CPU
		{A7AA6457-903D-4976-BAA7-95CDCDCCEE4F}.Release|Any CPU.ActiveCfg = Release|Any CPU
		{A7AA6457-903D-4976-BAA7-95CDCDCCEE4F}.Release|Any CPU.Build.0 = Release|Any CPU
	EndGlobalSection
	GlobalSection(SolutionProperties) = preSolution
		HideSolutionNode = FALSE
	EndGlobalSection
	GlobalSection(ExtensibilityGlobals) = postSolution
		SolutionGuid = {FA97DF69-EA3B-4E32-8D84-00846B8DBC3E}
	EndGlobalSection
EndGlobal
